// !$*UTF8*$!
{
	archiveVersion = 1;
	classes = {
	};
	objectVersion = 46;
	objects = {

/* Begin PBXBuildFile section */
		54FE01EA1E35853300C7715C /* AppDelegate.swift in Sources */ = {isa = PBXBuildFile; fileRef = 54FE01E91E35853300C7715C /* AppDelegate.swift */; };
		54FE01EC1E35853300C7715C /* ViewController.swift in Sources */ = {isa = PBXBuildFile; fileRef = 54FE01EB1E35853300C7715C /* ViewController.swift */; };
		54FE01EF1E35853300C7715C /* Main.storyboard in Resources */ = {isa = PBXBuildFile; fileRef = 54FE01ED1E35853300C7715C /* Main.storyboard */; };
		54FE01F11E35853300C7715C /* Assets.xcassets in Resources */ = {isa = PBXBuildFile; fileRef = 54FE01F01E35853300C7715C /* Assets.xcassets */; };
		54FE01F41E35853300C7715C /* LaunchScreen.storyboard in Resources */ = {isa = PBXBuildFile; fileRef = 54FE01F21E35853300C7715C /* LaunchScreen.storyboard */; };
		54FE01FF1E35853300C7715C /* HomepwnerTests.swift in Sources */ = {isa = PBXBuildFile; fileRef = 54FE01FE1E35853300C7715C /* HomepwnerTests.swift */; };
		54FE020A1E35853300C7715C /* HomepwnerUITests.swift in Sources */ = {isa = PBXBuildFile; fileRef = 54FE02091E35853300C7715C /* HomepwnerUITests.swift */; };
		54FE021A1E3588AD00C7715C /* ItemsViewController.swift in Sources */ = {isa = PBXBuildFile; fileRef = 54FE02191E3588AD00C7715C /* ItemsViewController.swift */; };
/* End PBXBuildFile section */

/* Begin PBXContainerItemProxy section */
		54FE01FB1E35853300C7715C /* PBXContainerItemProxy */ = {
			isa = PBXContainerItemProxy;
			containerPortal = 54FE01DE1E35853300C7715C /* Project object */;
			proxyType = 1;
			remoteGlobalIDString = 54FE01E51E35853300C7715C;
			remoteInfo = Homepwner;
		};
		54FE02061E35853300C7715C /* PBXContainerItemProxy */ = {
			isa = PBXContainerItemProxy;
			containerPortal = 54FE01DE1E35853300C7715C /* Project object */;
			proxyType = 1;
			remoteGlobalIDString = 54FE01E51E35853300C7715C;
			remoteInfo = Homepwner;
		};
/* End PBXContainerItemProxy section */

/* Begin PBXFileReference section */
		54FE01E61E35853300C7715C /* Homepwner.app */ = {isa = PBXFileReference; explicitFileType = wrapper.application; includeInIndex = 0; path = Homepwner.app; sourceTree = BUILT_PRODUCTS_DIR; };
		54FE01E91E35853300C7715C /* AppDelegate.swift */ = {isa = PBXFileReference; lastKnownFileType = sourcecode.swift; path = AppDelegate.swift; sourceTree = "<group>"; };
		54FE01EB1E35853300C7715C /* ViewController.swift */ = {isa = PBXFileReference; lastKnownFileType = sourcecode.swift; path = ViewController.swift; sourceTree = "<group>"; };
		54FE01EE1E35853300C7715C /* Base */ = {isa = PBXFileReference; lastKnownFileType = file.storyboard; name = Base; path = Base.lproj/Main.storyboard; sourceTree = "<group>"; };
		54FE01F01E35853300C7715C /* Assets.xcassets */ = {isa = PBXFileReference; lastKnownFileType = folder.assetcatalog; path = Assets.xcassets; sourceTree = "<group>"; };
		54FE01F31E35853300C7715C /* Base */ = {isa = PBXFileReference; lastKnownFileType = file.storyboard; name = Base; path = Base.lproj/LaunchScreen.storyboard; sourceTree = "<group>"; };
		54FE01F51E35853300C7715C /* Info.plist */ = {isa = PBXFileReference; lastKnownFileType = text.plist.xml; path = Info.plist; sourceTree = "<group>"; };
		54FE01FA1E35853300C7715C /* HomepwnerTests.xctest */ = {isa = PBXFileReference; explicitFileType = wrapper.cfbundle; includeInIndex = 0; path = HomepwnerTests.xctest; sourceTree = BUILT_PRODUCTS_DIR; };
		54FE01FE1E35853300C7715C /* HomepwnerTests.swift */ = {isa = PBXFileReference; lastKnownFileType = sourcecode.swift; path = HomepwnerTests.swift; sourceTree = "<group>"; };
		54FE02001E35853300C7715C /* Info.plist */ = {isa = PBXFileReference; lastKnownFileType = text.plist.xml; path = Info.plist; sourceTree = "<group>"; };
		54FE02051E35853300C7715C /* HomepwnerUITests.xctest */ = {isa = PBXFileReference; explicitFileType = wrapper.cfbundle; includeInIndex = 0; path = HomepwnerUITests.xctest; sourceTree = BUILT_PRODUCTS_DIR; };
		54FE02091E35853300C7715C /* HomepwnerUITests.swift */ = {isa = PBXFileReference; lastKnownFileType = sourcecode.swift; path = HomepwnerUITests.swift; sourceTree = "<group>"; };
		54FE020B1E35853300C7715C /* Info.plist */ = {isa = PBXFileReference; lastKnownFileType = text.plist.xml; path = Info.plist; sourceTree = "<group>"; };
		54FE02191E3588AD00C7715C /* ItemsViewController.swift */ = {isa = PBXFileReference; fileEncoding = 4; lastKnownFileType = sourcecode.swift; path = ItemsViewController.swift; sourceTree = "<group>"; };
/* End PBXFileReference section */

/* Begin PBXFrameworksBuildPhase section */
		54FE01E31E35853300C7715C /* Frameworks */ = {
			isa = PBXFrameworksBuildPhase;
			buildActionMask = 2147483647;
			files = (
			);
			runOnlyForDeploymentPostprocessing = 0;
		};
		54FE01F71E35853300C7715C /* Frameworks */ = {
			isa = PBXFrameworksBuildPhase;
			buildActionMask = 2147483647;
			files = (
			);
			runOnlyForDeploymentPostprocessing = 0;
		};
		54FE02021E35853300C7715C /* Frameworks */ = {
			isa = PBXFrameworksBuildPhase;
			buildActionMask = 2147483647;
			files = (
			);
			runOnlyForDeploymentPostprocessing = 0;
		};
/* End PBXFrameworksBuildPhase section */

/* Begin PBXGroup section */
		54FE01DD1E35853200C7715C = {
			isa = PBXGroup;
			children = (
				54FE01E81E35853300C7715C /* Homepwner */,
				54FE01FD1E35853300C7715C /* HomepwnerTests */,
				54FE02081E35853300C7715C /* HomepwnerUITests */,
				54FE01E71E35853300C7715C /* Products */,
			);
			sourceTree = "<group>";
		};
		54FE01E71E35853300C7715C /* Products */ = {
			isa = PBXGroup;
			children = (
				54FE01E61E35853300C7715C /* Homepwner.app */,
				54FE01FA1E35853300C7715C /* HomepwnerTests.xctest */,
				54FE02051E35853300C7715C /* HomepwnerUITests.xctest */,
			);
			name = Products;
			sourceTree = "<group>";
		};
		54FE01E81E35853300C7715C /* Homepwner */ = {
			isa = PBXGroup;
			children = (
				54FE01E91E35853300C7715C /* AppDelegate.swift */,
				54FE01EB1E35853300C7715C /* ViewController.swift */,
				54FE01ED1E35853300C7715C /* Main.storyboard */,
				54FE01F01E35853300C7715C /* Assets.xcassets */,
				54FE01F21E35853300C7715C /* LaunchScreen.storyboard */,
				54FE01F51E35853300C7715C /* Info.plist */,
				54FE02191E3588AD00C7715C /* ItemsViewController.swift */,
			);
			path = Homepwner;
			sourceTree = "<group>";
		};
		54FE01FD1E35853300C7715C /* HomepwnerTests */ = {
			isa = PBXGroup;
			children = (
				54FE01FE1E35853300C7715C /* HomepwnerTests.swift */,
				54FE02001E35853300C7715C /* Info.plist */,
			);
			path = HomepwnerTests;
			sourceTree = "<group>";
		};
		54FE02081E35853300C7715C /* HomepwnerUITests */ = {
			isa = PBXGroup;
			children = (
				54FE02091E35853300C7715C /* HomepwnerUITests.swift */,
				54FE020B1E35853300C7715C /* Info.plist */,
			);
			path = HomepwnerUITests;
			sourceTree = "<group>";
		};
/* End PBXGroup section */

/* Begin PBXNativeTarget section */
		54FE01E51E35853300C7715C /* Homepwner */ = {
			isa = PBXNativeTarget;
			buildConfigurationList = 54FE020E1E35853300C7715C /* Build configuration list for PBXNativeTarget "Homepwner" */;
			buildPhases = (
				54FE01E21E35853300C7715C /* Sources */,
				54FE01E31E35853300C7715C /* Frameworks */,
				54FE01E41E35853300C7715C /* Resources */,
			);
			buildRules = (
			);
			dependencies = (
			);
			name = Homepwner;
			productName = Homepwner;
			productReference = 54FE01E61E35853300C7715C /* Homepwner.app */;
			productType = "com.apple.product-type.application";
		};
		54FE01F91E35853300C7715C /* HomepwnerTests */ = {
			isa = PBXNativeTarget;
			buildConfigurationList = 54FE02111E35853300C7715C /* Build configuration list for PBXNativeTarget "HomepwnerTests" */;
			buildPhases = (
				54FE01F61E35853300C7715C /* Sources */,
				54FE01F71E35853300C7715C /* Frameworks */,
				54FE01F81E35853300C7715C /* Resources */,
			);
			buildRules = (
			);
			dependencies = (
				54FE01FC1E35853300C7715C /* PBXTargetDependency */,
			);
			name = HomepwnerTests;
			productName = HomepwnerTests;
			productReference = 54FE01FA1E35853300C7715C /* HomepwnerTests.xctest */;
			productType = "com.apple.product-type.bundle.unit-test";
		};
		54FE02041E35853300C7715C /* HomepwnerUITests */ = {
			isa = PBXNativeTarget;
			buildConfigurationList = 54FE02141E35853300C7715C /* Build configuration list for PBXNativeTarget "HomepwnerUITests" */;
			buildPhases = (
				54FE02011E35853300C7715C /* Sources */,
				54FE02021E35853300C7715C /* Frameworks */,
				54FE02031E35853300C7715C /* Resources */,
			);
			buildRules = (
			);
			dependencies = (
				54FE02071E35853300C7715C /* PBXTargetDependency */,
			);
			name = HomepwnerUITests;
			productName = HomepwnerUITests;
			productReference = 54FE02051E35853300C7715C /* HomepwnerUITests.xctest */;
			productType = "com.apple.product-type.bundle.ui-testing";
		};
/* End PBXNativeTarget section */

/* Begin PBXProject section */
		54FE01DE1E35853300C7715C /* Project object */ = {
			isa = PBXProject;
			attributes = {
				LastSwiftUpdateCheck = 0820;
				LastUpgradeCheck = 0820;
				ORGANIZATIONNAME = "Jimmy Pocock";
				TargetAttributes = {
					54FE01E51E35853300C7715C = {
						CreatedOnToolsVersion = 8.2.1;
						ProvisioningStyle = Automatic;
					};
					54FE01F91E35853300C7715C = {
						CreatedOnToolsVersion = 8.2.1;
						ProvisioningStyle = Automatic;
						TestTargetID = 54FE01E51E35853300C7715C;
					};
					54FE02041E35853300C7715C = {
						CreatedOnToolsVersion = 8.2.1;
						ProvisioningStyle = Automatic;
						TestTargetID = 54FE01E51E35853300C7715C;
					};
				};
			};
			buildConfigurationList = 54FE01E11E35853300C7715C /* Build configuration list for PBXProject "Homepwner" */;
			compatibilityVersion = "Xcode 3.2";
			developmentRegion = English;
			hasScannedForEncodings = 0;
			knownRegions = (
				en,
				Base,
			);
			mainGroup = 54FE01DD1E35853200C7715C;
			productRefGroup = 54FE01E71E35853300C7715C /* Products */;
			projectDirPath = "";
			projectRoot = "";
			targets = (
				54FE01E51E35853300C7715C /* Homepwner */,
				54FE01F91E35853300C7715C /* HomepwnerTests */,
				54FE02041E35853300C7715C /* HomepwnerUITests */,
			);
		};
/* End PBXProject section */

/* Begin PBXResourcesBuildPhase section */
		54FE01E41E35853300C7715C /* Resources */ = {
			isa = PBXResourcesBuildPhase;
			buildActionMask = 2147483647;
			files = (
				54FE01F41E35853300C7715C /* LaunchScreen.storyboard in Resources */,
				54FE01F11E35853300C7715C /* Assets.xcassets in Resources */,
				54FE01EF1E35853300C7715C /* Main.storyboard in Resources */,
			);
			runOnlyForDeploymentPostprocessing = 0;
		};
		54FE01F81E35853300C7715C /* Resources */ = {
			isa = PBXResourcesBuildPhase;
			buildActionMask = 2147483647;
			files = (
			);
			runOnlyForDeploymentPostprocessing = 0;
		};
		54FE02031E35853300C7715C /* Resources */ = {
			isa = PBXResourcesBuildPhase;
			buildActionMask = 2147483647;
			files = (
			);
			runOnlyForDeploymentPostprocessing = 0;
		};
/* End PBXResourcesBuildPhase section */

/* Begin PBXSourcesBuildPhase section */
		54FE01E21E35853300C7715C /* Sources */ = {
			isa = PBXSourcesBuildPhase;
			buildActionMask = 2147483647;
			files = (
				54FE01EC1E35853300C7715C /* ViewController.swift in Sources */,
				54FE021A1E3588AD00C7715C /* ItemsViewController.swift in Sources */,
				54FE01EA1E35853300C7715C /* AppDelegate.swift in Sources */,
			);
			runOnlyForDeploymentPostprocessing = 0;
		};
		54FE01F61E35853300C7715C /* Sources */ = {
			isa = PBXSourcesBuildPhase;
			buildActionMask = 2147483647;
			files = (
				54FE01FF1E35853300C7715C /* HomepwnerTests.swift in Sources */,
			);
			runOnlyForDeploymentPostprocessing = 0;
		};
		54FE02011E35853300C7715C /* Sources */ = {
			isa = PBXSourcesBuildPhase;
			buildActionMask = 2147483647;
			files = (
				54FE020A1E35853300C7715C /* HomepwnerUITests.swift in Sources */,
			);
			runOnlyForDeploymentPostprocessing = 0;
		};
/* End PBXSourcesBuildPhase section */

/* Begin PBXTargetDependency section */
		54FE01FC1E35853300C7715C /* PBXTargetDependency */ = {
			isa = PBXTargetDependency;
			target = 54FE01E51E35853300C7715C /* Homepwner */;
			targetProxy = 54FE01FB1E35853300C7715C /* PBXContainerItemProxy */;
		};
		54FE02071E35853300C7715C /* PBXTargetDependency */ = {
			isa = PBXTargetDependency;
			target = 54FE01E51E35853300C7715C /* Homepwner */;
			targetProxy = 54FE02061E35853300C7715C /* PBXContainerItemProxy */;
		};
/* End PBXTargetDependency section */

/* Begin PBXVariantGroup section */
		54FE01ED1E35853300C7715C /* Main.storyboard */ = {
			isa = PBXVariantGroup;
			children = (
				54FE01EE1E35853300C7715C /* Base */,
			);
			name = Main.storyboard;
			sourceTree = "<group>";
		};
		54FE01F21E35853300C7715C /* LaunchScreen.storyboard */ = {
			isa = PBXVariantGroup;
			children = (
				54FE01F31E35853300C7715C /* Base */,
			);
			name = LaunchScreen.storyboard;
			sourceTree = "<group>";
		};
/* End PBXVariantGroup section */

/* Begin XCBuildConfiguration section */
		54FE020C1E35853300C7715C /* Debug */ = {
			isa = XCBuildConfiguration;
			buildSettings = {
				ALWAYS_SEARCH_USER_PATHS = NO;
				CLANG_ANALYZER_NONNULL = YES;
				CLANG_CXX_LANGUAGE_STANDARD = "gnu++0x";
				CLANG_CXX_LIBRARY = "libc++";
				CLANG_ENABLE_MODULES = YES;
				CLANG_ENABLE_OBJC_ARC = YES;
				CLANG_WARN_BOOL_CONVERSION = YES;
				CLANG_WARN_CONSTANT_CONVERSION = YES;
				CLANG_WARN_DIRECT_OBJC_ISA_USAGE = YES_ERROR;
				CLANG_WARN_DOCUMENTATION_COMMENTS = YES;
				CLANG_WARN_EMPTY_BODY = YES;
				CLANG_WARN_ENUM_CONVERSION = YES;
				CLANG_WARN_INFINITE_RECURSION = YES;
				CLANG_WARN_INT_CONVERSION = YES;
				CLANG_WARN_OBJC_ROOT_CLASS = YES_ERROR;
				CLANG_WARN_SUSPICIOUS_MOVE = YES;
				CLANG_WARN_UNREACHABLE_CODE = YES;
				CLANG_WARN__DUPLICATE_METHOD_MATCH = YES;
				"CODE_SIGN_IDENTITY[sdk=iphoneos*]" = "iPhone Developer";
				COPY_PHASE_STRIP = NO;
				DEBUG_INFORMATION_FORMAT = dwarf;
				ENABLE_STRICT_OBJC_MSGSEND = YES;
				ENABLE_TESTABILITY = YES;
				GCC_C_LANGUAGE_STANDARD = gnu99;
				GCC_DYNAMIC_NO_PIC = NO;
				GCC_NO_COMMON_BLOCKS = YES;
				GCC_OPTIMIZATION_LEVEL = 0;
				GCC_PREPROCESSOR_DEFINITIONS = (
					"DEBUG=1",
					"$(inherited)",
				);
				GCC_WARN_64_TO_32_BIT_CONVERSION = YES;
				GCC_WARN_ABOUT_RETURN_TYPE = YES_ERROR;
				GCC_WARN_UNDECLARED_SELECTOR = YES;
				GCC_WARN_UNINITIALIZED_AUTOS = YES_AGGRESSIVE;
				GCC_WARN_UNUSED_FUNCTION = YES;
				GCC_WARN_UNUSED_VARIABLE = YES;
				IPHONEOS_DEPLOYMENT_TARGET = 10.2;
				MTL_ENABLE_DEBUG_INFO = YES;
				ONLY_ACTIVE_ARCH = YES;
				SDKROOT = iphoneos;
				SWIFT_ACTIVE_COMPILATION_CONDITIONS = DEBUG;
				SWIFT_OPTIMIZATION_LEVEL = "-Onone";
				TARGETED_DEVICE_FAMILY = "1,2";
			};
			name = Debug;
		};
		54FE020D1E35853300C7715C /* Release */ = {
			isa = XCBuildConfiguration;
			buildSettings = {
				ALWAYS_SEARCH_USER_PATHS = NO;
				CLANG_ANALYZER_NONNULL = YES;
				CLANG_CXX_LANGUAGE_STANDARD = "gnu++0x";
				CLANG_CXX_LIBRARY = "libc++";
				CLANG_ENABLE_MODULES = YES;
				CLANG_ENABLE_OBJC_ARC = YES;
				CLANG_WARN_BOOL_CONVERSION = YES;
				CLANG_WARN_CONSTANT_CONVERSION = YES;
				CLANG_WARN_DIRECT_OBJC_ISA_USAGE = YES_ERROR;
				CLANG_WARN_DOCUMENTATION_COMMENTS = YES;
				CLANG_WARN_EMPTY_BODY = YES;
				CLANG_WARN_ENUM_CONVERSION = YES;
				CLANG_WARN_INFINITE_RECURSION = YES;
				CLANG_WARN_INT_CONVERSION = YES;
				CLANG_WARN_OBJC_ROOT_CLASS = YES_ERROR;
				CLANG_WARN_SUSPICIOUS_MOVE = YES;
				CLANG_WARN_UNREACHABLE_CODE = YES;
				CLANG_WARN__DUPLICATE_METHOD_MATCH = YES;
				"CODE_SIGN_IDENTITY[sdk=iphoneos*]" = "iPhone Developer";
				COPY_PHASE_STRIP = NO;
				DEBUG_INFORMATION_FORMAT = "dwarf-with-dsym";
				ENABLE_NS_ASSERTIONS = NO;
				ENABLE_STRICT_OBJC_MSGSEND = YES;
				GCC_C_LANGUAGE_STANDARD = gnu99;
				GCC_NO_COMMON_BLOCKS = YES;
				GCC_WARN_64_TO_32_BIT_CONVERSION = YES;
				GCC_WARN_ABOUT_RETURN_TYPE = YES_ERROR;
				GCC_WARN_UNDECLARED_SELECTOR = YES;
				GCC_WARN_UNINITIALIZED_AUTOS = YES_AGGRESSIVE;
				GCC_WARN_UNUSED_FUNCTION = YES;
				GCC_WARN_UNUSED_VARIABLE = YES;
				IPHONEOS_DEPLOYMENT_TARGET = 10.2;
				MTL_ENABLE_DEBUG_INFO = NO;
				SDKROOT = iphoneos;
				SWIFT_OPTIMIZATION_LEVEL = "-Owholemodule";
				TARGETED_DEVICE_FAMILY = "1,2";
				VALIDATE_PRODUCT = YES;
			};
			name = Release;
		};
		54FE020F1E35853300C7715C /* Debug */ = {
			isa = XCBuildConfiguration;
			buildSettings = {
				ASSETCATALOG_COMPILER_APPICON_NAME = AppIcon;
				INFOPLIST_FILE = Homepwner/Info.plist;
				LD_RUNPATH_SEARCH_PATHS = "$(inherited) @executable_path/Frameworks";
				PRODUCT_BUNDLE_IDENTIFIER = com.jimmypocock.Homepwner;
				PRODUCT_NAME = "$(TARGET_NAME)";
				SWIFT_VERSION = 3.0;
			};
			name = Debug;
		};
		54FE02101E35853300C7715C /* Release */ = {
			isa = XCBuildConfiguration;
			buildSettings = {
				ASSETCATALOG_COMPILER_APPICON_NAME = AppIcon;
				INFOPLIST_FILE = Homepwner/Info.plist;
				LD_RUNPATH_SEARCH_PATHS = "$(inherited) @executable_path/Frameworks";
				PRODUCT_BUNDLE_IDENTIFIER = com.jimmypocock.Homepwner;
				PRODUCT_NAME = "$(TARGET_NAME)";
				SWIFT_VERSION = 3.0;
			};
			name = Release;
		};
		54FE02121E35853300C7715C /* Debug */ = {
			isa = XCBuildConfiguration;
			buildSettings = {
				ALWAYS_EMBED_SWIFT_STANDARD_LIBRARIES = YES;
				BUNDLE_LOADER = "$(TEST_HOST)";
				INFOPLIST_FILE = HomepwnerTests/Info.plist;
				LD_RUNPATH_SEARCH_PATHS = "$(inherited) @executable_path/Frameworks @loader_path/Frameworks";
				PRODUCT_BUNDLE_IDENTIFIER = com.jimmypocock.HomepwnerTests;
				PRODUCT_NAME = "$(TARGET_NAME)";
				SWIFT_VERSION = 3.0;
				TEST_HOST = "$(BUILT_PRODUCTS_DIR)/Homepwner.app/Homepwner";
			};
			name = Debug;
		};
		54FE02131E35853300C7715C /* Release */ = {
			isa = XCBuildConfiguration;
			buildSettings = {
				ALWAYS_EMBED_SWIFT_STANDARD_LIBRARIES = YES;
				BUNDLE_LOADER = "$(TEST_HOST)";
				INFOPLIST_FILE = HomepwnerTests/Info.plist;
				LD_RUNPATH_SEARCH_PATHS = "$(inherited) @executable_path/Frameworks @loader_path/Frameworks";
				PRODUCT_BUNDLE_IDENTIFIER = com.jimmypocock.HomepwnerTests;
				PRODUCT_NAME = "$(TARGET_NAME)";
				SWIFT_VERSION = 3.0;
				TEST_HOST = "$(BUILT_PRODUCTS_DIR)/Homepwner.app/Homepwner";
			};
			name = Release;
		};
		54FE02151E35853300C7715C /* Debug */ = {
			isa = XCBuildConfiguration;
			buildSettings = {
				ALWAYS_EMBED_SWIFT_STANDARD_LIBRARIES = YES;
				INFOPLIST_FILE = HomepwnerUITests/Info.plist;
				LD_RUNPATH_SEARCH_PATHS = "$(inherited) @executable_path/Frameworks @loader_path/Frameworks";
				PRODUCT_BUNDLE_IDENTIFIER = com.jimmypocock.HomepwnerUITests;
				PRODUCT_NAME = "$(TARGET_NAME)";
				SWIFT_VERSION = 3.0;
				TEST_TARGET_NAME = Homepwner;
			};
			name = Debug;
		};
		54FE02161E35853300C7715C /* Release */ = {
			isa = XCBuildConfiguration;
			buildSettings = {
				ALWAYS_EMBED_SWIFT_STANDARD_LIBRARIES = YES;
				INFOPLIST_FILE = HomepwnerUITests/Info.plist;
				LD_RUNPATH_SEARCH_PATHS = "$(inherited) @executable_path/Frameworks @loader_path/Frameworks";
				PRODUCT_BUNDLE_IDENTIFIER = com.jimmypocock.HomepwnerUITests;
				PRODUCT_NAME = "$(TARGET_NAME)";
				SWIFT_VERSION = 3.0;
				TEST_TARGET_NAME = Homepwner;
			};
			name = Release;
		};
/* End XCBuildConfiguration section */

/* Begin XCConfigurationList section */
		54FE01E11E35853300C7715C /* Build configuration list for PBXProject "Homepwner" */ = {
			isa = XCConfigurationList;
			buildConfigurations = (
				54FE020C1E35853300C7715C /* Debug */,
				54FE020D1E35853300C7715C /* Release */,
			);
			defaultConfigurationIsVisible = 0;
			defaultConfigurationName = Release;
		};
		54FE020E1E35853300C7715C /* Build configuration list for PBXNativeTarget "Homepwner" */ = {
			isa = XCConfigurationList;
			buildConfigurations = (
				54FE020F1E35853300C7715C /* Debug */,
				54FE02101E35853300C7715C /* Release */,
			);
			defaultConfigurationIsVisible = 0;
		};
		54FE02111E35853300C7715C /* Build configuration list for PBXNativeTarget "HomepwnerTests" */ = {
			isa = XCConfigurationList;
			buildConfigurations = (
				54FE02121E35853300C7715C /* Debug */,
				54FE02131E35853300C7715C /* Release */,
			);
			defaultConfigurationIsVisible = 0;
		};
		54FE02141E35853300C7715C /* Build configuration list for PBXNativeTarget "HomepwnerUITests" */ = {
			isa = XCConfigurationList;
			buildConfigurations = (
				54FE02151E35853300C7715C /* Debug */,
				54FE02161E35853300C7715C /* Release */,
			);
			defaultConfigurationIsVisible = 0;
		};
/* End XCConfigurationList section */
	};
	rootObject = 54FE01DE1E35853300C7715C /* Project object */;
}
